<?xml version="1.0" encoding="utf-8"?>
<Project ToolsVersion="4.0" xmlns="http://schemas.microsoft.com/developer/msbuild/2003">
  <ItemGroup>
    <ClCompile Include="src\ofApp.cpp">
      <Filter>src</Filter>
    </ClCompile>
    <ClCompile Include="src\main.cpp">
      <Filter>src</Filter>
    </ClCompile>
    <ClCompile Include="src\DynamicAlign.cpp">
      <Filter>src\Movement</Filter>
    </ClCompile>
    <ClCompile Include="src\DynamicArrive.cpp">
      <Filter>src\Movement</Filter>
    </ClCompile>
    <ClCompile Include="src\DynamicLookWhereYouAreGoing.cpp">
      <Filter>src\Movement</Filter>
    </ClCompile>
    <ClCompile Include="src\DynamicPathFollow.cpp">
      <Filter>src\Movement</Filter>
    </ClCompile>
    <ClCompile Include="src\DynamicSeperation.cpp">
      <Filter>src\Movement</Filter>
    </ClCompile>
    <ClCompile Include="src\Boid.cpp">
      <Filter>src\Boids</Filter>
    </ClCompile>
    <ClCompile Include="src\AStarPathFollow.cpp">
      <Filter>src\Boids</Filter>
    </ClCompile>
    <ClCompile Include="src\Flocking-behavior.cpp">
      <Filter>src\Boids</Filter>
    </ClCompile>
    <ClCompile Include="src\KinematicSeek.cpp">
      <Filter>src\Boids</Filter>
    </ClCompile>
    <ClCompile Include="src\Seek-Steering.cpp">
      <Filter>src\Boids</Filter>
    </ClCompile>
    <ClCompile Include="src\Seek-Steering-Arrive.cpp">
      <Filter>src\Boids</Filter>
    </ClCompile>
    <ClCompile Include="src\Wander-Steering-Dynamic.cpp">
      <Filter>src\Boids</Filter>
    </ClCompile>
    <ClCompile Include="src\basic-motion.cpp">
      <Filter>src\Boids</Filter>
    </ClCompile>
    <ClCompile Include="src\Wander-Steering-Kinematic.cpp">
      <Filter>src\Boids</Filter>
    </ClCompile>
    <ClCompile Include="src\DynamicFace.cpp">
      <Filter>src\Movement</Filter>
    </ClCompile>
    <ClCompile Include="src\DynamicSeek.cpp">
      <Filter>src\Movement</Filter>
    </ClCompile>
    <ClCompile Include="src\DynamicVelocityMatch.cpp">
      <Filter>src\Movement</Filter>
    </ClCompile>
    <ClCompile Include="src\DynamicWander.cpp">
      <Filter>src\Movement</Filter>
    </ClCompile>
    <ClCompile Include="src\DataTypes.cpp">
      <Filter>src\DataTypes</Filter>
    </ClCompile>
    <ClCompile Include="src\DataTypes-PathFinding.cpp">
      <Filter>src\DataTypes</Filter>
    </ClCompile>
    <ClCompile Include="src\Dijkstra.cpp">
      <Filter>src\PathFinding\Algorithms</Filter>
    </ClCompile>
    <ClCompile Include="src\Graph.cpp">
      <Filter>src\PathFinding\Graph</Filter>
    </ClCompile>
    <ClCompile Include="src\Grid.cpp">
      <Filter>src\PathFinding\Graph</Filter>
    </ClCompile>
    <ClCompile Include="src\Action.cpp">
      <Filter>src\Decision Making</Filter>
    </ClCompile>
    <ClCompile Include="src\ActionManager.cpp">
      <Filter>src\Decision Making</Filter>
    </ClCompile>
    <ClCompile Include="src\ActionNode.cpp">
      <Filter>src\Decision Making</Filter>
    </ClCompile>
    <ClCompile Include="src\DecisionNode.cpp">
      <Filter>src\Decision Making</Filter>
    </ClCompile>
    <ClCompile Include="src\DecisionTree.cpp">
      <Filter>src\Decision Making</Filter>
    </ClCompile>
    <ClCompile Include="src\PriorityQueue.cpp">
      <Filter>src\PriorityQueue</Filter>
    </ClCompile>
    <ClCompile Include="src\AI.cpp">
      <Filter>src\Decision Making</Filter>
    </ClCompile>
    <ClCompile Include="src\World.cpp">
      <Filter>src\World</Filter>
    </ClCompile>
    <ClCompile Include="src\GameManager.cpp">
      <Filter>src\Decision Making</Filter>
    </ClCompile>
    <ClCompile Include="src\Blackboard.cpp">
      <Filter>src\Decision Making</Filter>
    </ClCompile>
    <ClCompile Include="src\Selector.cpp">
      <Filter>src\Decision Making</Filter>
    </ClCompile>
    <ClCompile Include="src\Sequencer.cpp">
      <Filter>src\Decision Making</Filter>
    </ClCompile>
    <ClCompile Include="src\BehaviorTree.cpp">
      <Filter>src\Decision Making</Filter>
    </ClCompile>
    <ClCompile Include="src\WanderTask.cpp">
      <Filter>src\Decision Making</Filter>
    </ClCompile>
    <ClCompile Include="src\Inverter.cpp">
      <Filter>src\Decision Making</Filter>
    </ClCompile>
    <ClCompile Include="src\BooleanTask.cpp">
      <Filter>src\Decision Making</Filter>
    </ClCompile>
  </ItemGroup>
  <ItemGroup>
    <Filter Include="src">
      <UniqueIdentifier>{d8376475-7454-4a24-b08a-aac121d3ad6f}</UniqueIdentifier>
    </Filter>
    <Filter Include="src\PathFinding">
      <UniqueIdentifier>{1e515883-96c3-415e-a3ce-10f0c4d9ad63}</UniqueIdentifier>
    </Filter>
    <Filter Include="src\Movement">
      <UniqueIdentifier>{9a622d1f-fa26-43c1-80b6-80666c8f573e}</UniqueIdentifier>
    </Filter>
    <Filter Include="src\Boids">
      <UniqueIdentifier>{9d806fdf-1483-4bad-a653-d2f75675ef5c}</UniqueIdentifier>
    </Filter>
    <Filter Include="src\DataTypes">
      <UniqueIdentifier>{3732e4b7-3ef8-4ef0-9530-484d9b3654a0}</UniqueIdentifier>
    </Filter>
    <Filter Include="src\PathFinding\Algorithms">
      <UniqueIdentifier>{91824294-09ae-47e5-b970-a074e40267ca}</UniqueIdentifier>
    </Filter>
    <Filter Include="src\PathFinding\Graph">
      <UniqueIdentifier>{e6de3846-af49-4ffd-9737-1b7069f4ea21}</UniqueIdentifier>
    </Filter>
    <Filter Include="src\Decision Making">
      <UniqueIdentifier>{d5a337c4-5171-42cc-b5c5-fe0ec5e35db1}</UniqueIdentifier>
    </Filter>
    <Filter Include="src\PriorityQueue">
      <UniqueIdentifier>{dc1d4df6-c8e5-4973-b63c-1ac7f0310cf9}</UniqueIdentifier>
    </Filter>
    <Filter Include="src\World">
      <UniqueIdentifier>{fa1bb41e-fe24-4b99-8ba0-aea7f4c9369b}</UniqueIdentifier>
    </Filter>
  </ItemGroup>
  <ItemGroup>
    <ClInclude Include="src\ofApp.h">
      <Filter>src</Filter>
    </ClInclude>
    <ClInclude Include="src\DynamicAlign.h">
      <Filter>src\Movement</Filter>
    </ClInclude>
    <ClInclude Include="src\DynamicArrive.h">
      <Filter>src\Movement</Filter>
    </ClInclude>
    <ClInclude Include="src\DynamicLookWhereYouAreGoing.h">
      <Filter>src\Movement</Filter>
    </ClInclude>
    <ClInclude Include="src\DynamicPathFollow.h">
      <Filter>src\Movement</Filter>
    </ClInclude>
    <ClInclude Include="src\DynamicSeperation.h">
      <Filter>src\Movement</Filter>
    </ClInclude>
    <ClInclude Include="src\Boid.h">
      <Filter>src\Boids</Filter>
    </ClInclude>
    <ClInclude Include="src\AStarPathFollow.h">
      <Filter>src\Boids</Filter>
    </ClInclude>
    <ClInclude Include="src\Flocking-Behavior.h">
      <Filter>src\Boids</Filter>
    </ClInclude>
    <ClInclude Include="src\KinematicSeek.h">
      <Filter>src\Boids</Filter>
    </ClInclude>
    <ClInclude Include="src\Seek-Steering.h">
      <Filter>src\Boids</Filter>
    </ClInclude>
    <ClInclude Include="src\Seek-Steering-Arrive.h">
      <Filter>src\Boids</Filter>
    </ClInclude>
    <ClInclude Include="src\Wander-Steering-Kinematic.h">
      <Filter>src\Boids</Filter>
    </ClInclude>
    <ClInclude Include="src\Wander-Steering-Dynamic.h">
      <Filter>src\Boids</Filter>
    </ClInclude>
    <ClInclude Include="src\basic-motion.h">
      <Filter>src\Boids</Filter>
    </ClInclude>
    <ClInclude Include="src\DynamicFace.h">
      <Filter>src\Movement</Filter>
    </ClInclude>
    <ClInclude Include="src\DynamicSeek.h">
      <Filter>src\Movement</Filter>
    </ClInclude>
    <ClInclude Include="src\DynamicVelocityMatch.h">
      <Filter>src\Movement</Filter>
    </ClInclude>
    <ClInclude Include="src\DynamicWander.h">
      <Filter>src\Movement</Filter>
    </ClInclude>
    <ClInclude Include="src\DataTypes.h">
      <Filter>src\DataTypes</Filter>
    </ClInclude>
    <ClInclude Include="src\DataTypes-PathFinding.h">
      <Filter>src\DataTypes</Filter>
    </ClInclude>
    <ClInclude Include="src\Dijkstra.h">
      <Filter>src\PathFinding\Algorithms</Filter>
    </ClInclude>
    <ClInclude Include="src\Graph.h">
      <Filter>src\PathFinding\Graph</Filter>
    </ClInclude>
    <ClInclude Include="src\Grid.h">
      <Filter>src\PathFinding\Graph</Filter>
    </ClInclude>
    <ClInclude Include="src\Action.h">
      <Filter>src\Decision Making</Filter>
    </ClInclude>
    <ClInclude Include="src\ActionManager.h">
      <Filter>src\Decision Making</Filter>
    </ClInclude>
    <ClInclude Include="src\DecisionTreeNode.h">
      <Filter>src\Decision Making</Filter>
    </ClInclude>
    <ClInclude Include="src\ActionNode.h">
      <Filter>src\Decision Making</Filter>
    </ClInclude>
    <ClInclude Include="src\DecisionNode.h">
      <Filter>src\Decision Making</Filter>
    </ClInclude>
    <ClInclude Include="src\DecisionMakingBehavior.h">
      <Filter>src\Decision Making</Filter>
    </ClInclude>
    <ClInclude Include="src\DecisionTree.h">
      <Filter>src\Decision Making</Filter>
    </ClInclude>
    <ClInclude Include="src\PriorityQueue.h">
      <Filter>src\PriorityQueue</Filter>
    </ClInclude>
    <ClInclude Include="src\AI.h">
      <Filter>src\Decision Making</Filter>
    </ClInclude>
    <ClInclude Include="src\World.h">
      <Filter>src\World</Filter>
    </ClInclude>
    <ClInclude Include="src\GameManager.h">
      <Filter>src\Decision Making</Filter>
    </ClInclude>
    <ClInclude Include="src\Task.h">
      <Filter>src\Decision Making</Filter>
    </ClInclude>
    <ClInclude Include="src\DecisionMakingConstants.h">
      <Filter>src\Decision Making</Filter>
    </ClInclude>
    <ClInclude Include="src\Selector.h">
      <Filter>src\Decision Making</Filter>
    </ClInclude>
    <ClInclude Include="src\Tick.h">
      <Filter>src\Decision Making</Filter>
    </ClInclude>
    <ClInclude Include="src\Blackboard.h">
      <Filter>src\Decision Making</Filter>
    </ClInclude>
    <ClInclude Include="src\Sequencer.h">
      <Filter>src\Decision Making</Filter>
    </ClInclude>
    <ClInclude Include="src\BehaviorTree.h">
      <Filter>src\Decision Making</Filter>
    </ClInclude>
    <ClInclude Include="src\WanderTask.h">
      <Filter>src\Decision Making</Filter>
    </ClInclude>
    <ClInclude Include="src\Inverter.h">
      <Filter>src\Decision Making</Filter>
    </ClInclude>
    <ClInclude Include="src\BooleanTask.h">
      <Filter>src\Decision Making</Filter>
    </ClInclude>
  </ItemGroup>
  <ItemGroup>
    <ResourceCompile Include="icon.rc" />
  </ItemGroup>
</Project>